
Microsoft Visual Studio Solution File, Format Version 12.00
# Visual Studio Version 17
VisualStudioVersion = 17.9.34728.123
MinimumVisualStudioVersion = 10.0.40219.1
Project("{FAE04EC0-301F-11D3-BF4B-00C04F79EFBC}") = "DML", "DML.csproj", "{9E84CE15-B457-4603-81DA-A8E1788620B5}"
EndProject
Global
	GlobalSection(SolutionConfigurationPlatforms) = preSolution
		Debug|Any CPU = Debug|Any CPU
		Release|Any CPU = Release|Any CPU
	EndGlobalSection
	GlobalSection(ProjectConfigurationPlatforms) = postSolution
		{9E84CE15-B457-4603-81DA-A8E1788620B5}.Debug|Any CPU.ActiveCfg = Debug|Any CPU
		{9E84CE15-B457-4603-81DA-A8E1788620B5}.Debug|Any CPU.Build.0 = Debug|Any CPU
		{9E84CE15-B457-4603-81DA-A8E1788620B5}.Release|Any CPU.ActiveCfg = Release|Any CPU
		{9E84CE15-B457-4603-81DA-A8E1788620B5}.Release|Any CPU.Build.0 = Release|Any CPU
	EndGlobalSection
	GlobalSection(SolutionProperties) = preSolution
		HideSolutionNode = FALSE
	EndGlobalSection
	GlobalSection(ExtensibilityGlobals) = postSolution
		SolutionGuid = {B489BA6F-B14E-4B54-933B-45C4241485F6}
	EndGlobalSection
EndGlobal
