
Microsoft Visual Studio Solution File, Format Version 12.00
# Visual Studio Version 17
VisualStudioVersion = 17.9.34728.123
MinimumVisualStudioVersion = 10.0.40219.1
Project("{FAE04EC0-301F-11D3-BF4B-00C04F79EFBC}") = "studentsystem3", "studentsystem3.csproj", "{F09A93E8-B533-44E0-B60A-957B596FAE24}"
EndProject
Global
	GlobalSection(SolutionConfigurationPlatforms) = preSolution
		Debug|Any CPU = Debug|Any CPU
		Release|Any CPU = Release|Any CPU
	EndGlobalSection
	GlobalSection(ProjectConfigurationPlatforms) = postSolution
		{F09A93E8-B533-44E0-B60A-957B596FAE24}.Debug|Any CPU.ActiveCfg = Debug|Any CPU
		{F09A93E8-B533-44E0-B60A-957B596FAE24}.Debug|Any CPU.Build.0 = Debug|Any CPU
		{F09A93E8-B533-44E0-B60A-957B596FAE24}.Release|Any CPU.ActiveCfg = Release|Any CPU
		{F09A93E8-B533-44E0-B60A-957B596FAE24}.Release|Any CPU.Build.0 = Release|Any CPU
	EndGlobalSection
	GlobalSection(SolutionProperties) = preSolution
		HideSolutionNode = FALSE
	EndGlobalSection
	GlobalSection(ExtensibilityGlobals) = postSolution
		SolutionGuid = {5D8509E9-D365-4C40-A0D3-CE027A76DF4F}
	EndGlobalSection
EndGlobal
